
Microsoft Visual Studio Solution File, Format Version 12.00
# Visual Studio Version 16
VisualStudioVersion = 16.0.809.0
MinimumVisualStudioVersion = 10.0.40219.1
Project("{FAE04EC0-301F-11D3-BF4B-00C04F79EFBC}") = "MdasFdpPractica3", "MdasFdpPractica3\MdasFdpPractica3.csproj", "{4F0DDB27-46A7-4AFF-AB7C-67D28245BD90}"
EndProject
Global
	GlobalSection(SolutionConfigurationPlatforms) = preSolution
		Debug|Any CPU = Debug|Any CPU
		Release|Any CPU = Release|Any CPU
	EndGlobalSection
	GlobalSection(ProjectConfigurationPlatforms) = postSolution
		{4F0DDB27-46A7-4AFF-AB7C-67D28245BD90}.Debug|Any CPU.ActiveCfg = Debug|Any CPU
		{4F0DDB27-46A7-4AFF-AB7C-67D28245BD90}.Debug|Any CPU.Build.0 = Debug|Any CPU
		{4F0DDB27-46A7-4AFF-AB7C-67D28245BD90}.Release|Any CPU.ActiveCfg = Release|Any CPU
		{4F0DDB27-46A7-4AFF-AB7C-67D28245BD90}.Release|Any CPU.Build.0 = Release|Any CPU
	EndGlobalSection
	GlobalSection(SolutionProperties) = preSolution
		HideSolutionNode = FALSE
	EndGlobalSection
	GlobalSection(ExtensibilityGlobals) = postSolution
		SolutionGuid = {8E873BBE-9EA7-4010-86C4-59EE5679FFFA}
	EndGlobalSection
EndGlobal
